
Microsoft Visual Studio Solution File, Format Version 12.00
# Visual Studio 15
VisualStudioVersion = 15.0.28307.489
MinimumVisualStudioVersion = 10.0.40219.1
Project("{FAE04EC0-301F-11D3-BF4B-00C04F79EFBC}") = "Lab01", "Lab01\Lab01.csproj", "{0F50201A-52A1-4568-A531-663226CF62CF}"
EndProject
Global
	GlobalSection(SolutionConfigurationPlatforms) = preSolution
		Debug|Any CPU = Debug|Any CPU
		Release|Any CPU = Release|Any CPU
	EndGlobalSection
	GlobalSection(ProjectConfigurationPlatforms) = postSolution
		{0F50201A-52A1-4568-A531-663226CF62CF}.Debug|Any CPU.ActiveCfg = Debug|Any CPU
		{0F50201A-52A1-4568-A531-663226CF62CF}.Debug|Any CPU.Build.0 = Debug|Any CPU
		{0F50201A-52A1-4568-A531-663226CF62CF}.Release|Any CPU.ActiveCfg = Release|Any CPU
		{0F50201A-52A1-4568-A531-663226CF62CF}.Release|Any CPU.Build.0 = Release|Any CPU
	EndGlobalSection
	GlobalSection(SolutionProperties) = preSolution
		HideSolutionNode = FALSE
	EndGlobalSection
	GlobalSection(ExtensibilityGlobals) = postSolution
		SolutionGuid = {098A7203-CCEF-4DB8-B3D7-25D1F11CEB6C}
	EndGlobalSection
EndGlobal
